{
  "name": "jogo-do-mosquito",
  "version": "1.0.0",
  "lockfileVersion": 3,
  "requires": true,
  "packages": {
    "": {
      "name": "jogo-do-mosquito",
      "version": "1.0.0",
      "license": "ISC",
      "dependencies": {
        "jogo-do-mosquito": "file:"
      }
    },
    "node_modules/jogo-do-mosquito": {
      "resolved": "",
      "link": true
    }
  }
}
